
Microsoft Visual Studio Solution File, Format Version 12.00
# Visual Studio Version 16
VisualStudioVersion = 16.0.30804.86
MinimumVisualStudioVersion = 10.0.40219.1
Project("{2150E333-8FDC-42A3-9474-1A3956D46DE8}") = "01.Pb-Foundation", "01.Pb-Foundation", "{ABC0DC44-8BE4-405B-B8D9-755C550B1BF5}"
EndProject
Project("{2150E333-8FDC-42A3-9474-1A3956D46DE8}") = "02.Pb-Model", "02.Pb-Model", "{5C1DBF6A-BC2F-419F-8E62-8BE26E14E2E6}"
EndProject
Project("{2150E333-8FDC-42A3-9474-1A3956D46DE8}") = "03.Pb-Repository", "03.Pb-Repository", "{94419120-11A0-4553-B319-DAD45EF21B0F}"
EndProject
Project("{2150E333-8FDC-42A3-9474-1A3956D46DE8}") = "04.Pb-DbContext", "04.Pb-DbContext", "{40699C11-3155-412B-9520-AFEDE17B69E0}"
EndProject
Project("{2150E333-8FDC-42A3-9474-1A3956D46DE8}") = "06.Pb-ApiModelService", "06.Pb-ApiModelService", "{B59E2AB1-8162-43CB-9818-160395FB913F}"
EndProject
Project("{2150E333-8FDC-42A3-9474-1A3956D46DE8}") = "05.Pb-ApiModel", "05.Pb-ApiModel", "{DE4B1708-168B-4C12-8451-34455A12B79D}"
EndProject
Project("{2150E333-8FDC-42A3-9474-1A3956D46DE8}") = "07.Pb-Api", "07.Pb-Api", "{6A9B20DC-61D7-470C-8B1C-CA86608CF038}"
EndProject
Project("{FAE04EC0-301F-11D3-BF4B-00C04F79EFBC}") = "Pb-Foundation", "..\Pb-Foundation\Pb-Foundation.csproj", "{89418A9A-1CB1-49A8-B01D-ACF084A1E7E2}"
EndProject
Project("{FAE04EC0-301F-11D3-BF4B-00C04F79EFBC}") = "Pb-Model", "..\Pb-Model\Pb-Model.csproj", "{3CC3C21C-C1B4-40EB-9E34-0295180DC315}"
EndProject
Project("{FAE04EC0-301F-11D3-BF4B-00C04F79EFBC}") = "Pb-Repository", "..\Pb-Repository\Pb-Repository.csproj", "{C3140089-2F85-46A4-89C6-9B301232E855}"
EndProject
Project("{FAE04EC0-301F-11D3-BF4B-00C04F79EFBC}") = "Pb-DbContext", "..\Pb-DbContext\Pb-DbContext.csproj", "{49E1F8AB-93EB-4E55-83E4-719C5C7C1331}"
EndProject
Project("{FAE04EC0-301F-11D3-BF4B-00C04F79EFBC}") = "Pb-ApiModel", "..\Pb-ApiModel\Pb-ApiModel.csproj", "{A1956691-4B5C-4BE5-B8B6-B7BD240CF1CB}"
EndProject
Project("{FAE04EC0-301F-11D3-BF4B-00C04F79EFBC}") = "Pb-ApiModelService", "..\Pb-ApiModelService\Pb-ApiModelService.csproj", "{EC6BB8A3-A283-414A-9A7C-262362981391}"
EndProject
Project("{FAE04EC0-301F-11D3-BF4B-00C04F79EFBC}") = "Pb-Api", "..\Pb-Api\Pb-Api.csproj", "{5CB8DBE3-F787-4ED6-AA2B-A3E26B3700FB}"
EndProject
Global
	GlobalSection(SolutionConfigurationPlatforms) = preSolution
		Debug|Any CPU = Debug|Any CPU
		Release|Any CPU = Release|Any CPU
	EndGlobalSection
	GlobalSection(ProjectConfigurationPlatforms) = postSolution
		{89418A9A-1CB1-49A8-B01D-ACF084A1E7E2}.Debug|Any CPU.ActiveCfg = Debug|Any CPU
		{89418A9A-1CB1-49A8-B01D-ACF084A1E7E2}.Debug|Any CPU.Build.0 = Debug|Any CPU
		{89418A9A-1CB1-49A8-B01D-ACF084A1E7E2}.Release|Any CPU.ActiveCfg = Release|Any CPU
		{89418A9A-1CB1-49A8-B01D-ACF084A1E7E2}.Release|Any CPU.Build.0 = Release|Any CPU
		{3CC3C21C-C1B4-40EB-9E34-0295180DC315}.Debug|Any CPU.ActiveCfg = Debug|Any CPU
		{3CC3C21C-C1B4-40EB-9E34-0295180DC315}.Debug|Any CPU.Build.0 = Debug|Any CPU
		{3CC3C21C-C1B4-40EB-9E34-0295180DC315}.Release|Any CPU.ActiveCfg = Release|Any CPU
		{3CC3C21C-C1B4-40EB-9E34-0295180DC315}.Release|Any CPU.Build.0 = Release|Any CPU
		{C3140089-2F85-46A4-89C6-9B301232E855}.Debug|Any CPU.ActiveCfg = Debug|Any CPU
		{C3140089-2F85-46A4-89C6-9B301232E855}.Debug|Any CPU.Build.0 = Debug|Any CPU
		{C3140089-2F85-46A4-89C6-9B301232E855}.Release|Any CPU.ActiveCfg = Release|Any CPU
		{C3140089-2F85-46A4-89C6-9B301232E855}.Release|Any CPU.Build.0 = Release|Any CPU
		{49E1F8AB-93EB-4E55-83E4-719C5C7C1331}.Debug|Any CPU.ActiveCfg = Debug|Any CPU
		{49E1F8AB-93EB-4E55-83E4-719C5C7C1331}.Debug|Any CPU.Build.0 = Debug|Any CPU
		{49E1F8AB-93EB-4E55-83E4-719C5C7C1331}.Release|Any CPU.ActiveCfg = Release|Any CPU
		{49E1F8AB-93EB-4E55-83E4-719C5C7C1331}.Release|Any CPU.Build.0 = Release|Any CPU
		{A1956691-4B5C-4BE5-B8B6-B7BD240CF1CB}.Debug|Any CPU.ActiveCfg = Debug|Any CPU
		{A1956691-4B5C-4BE5-B8B6-B7BD240CF1CB}.Debug|Any CPU.Build.0 = Debug|Any CPU
		{A1956691-4B5C-4BE5-B8B6-B7BD240CF1CB}.Release|Any CPU.ActiveCfg = Release|Any CPU
		{A1956691-4B5C-4BE5-B8B6-B7BD240CF1CB}.Release|Any CPU.Build.0 = Release|Any CPU
		{EC6BB8A3-A283-414A-9A7C-262362981391}.Debug|Any CPU.ActiveCfg = Debug|Any CPU
		{EC6BB8A3-A283-414A-9A7C-262362981391}.Debug|Any CPU.Build.0 = Debug|Any CPU
		{EC6BB8A3-A283-414A-9A7C-262362981391}.Release|Any CPU.ActiveCfg = Release|Any CPU
		{EC6BB8A3-A283-414A-9A7C-262362981391}.Release|Any CPU.Build.0 = Release|Any CPU
		{5CB8DBE3-F787-4ED6-AA2B-A3E26B3700FB}.Debug|Any CPU.ActiveCfg = Debug|Any CPU
		{5CB8DBE3-F787-4ED6-AA2B-A3E26B3700FB}.Debug|Any CPU.Build.0 = Debug|Any CPU
		{5CB8DBE3-F787-4ED6-AA2B-A3E26B3700FB}.Release|Any CPU.ActiveCfg = Release|Any CPU
		{5CB8DBE3-F787-4ED6-AA2B-A3E26B3700FB}.Release|Any CPU.Build.0 = Release|Any CPU
	EndGlobalSection
	GlobalSection(SolutionProperties) = preSolution
		HideSolutionNode = FALSE
	EndGlobalSection
	GlobalSection(NestedProjects) = preSolution
		{89418A9A-1CB1-49A8-B01D-ACF084A1E7E2} = {ABC0DC44-8BE4-405B-B8D9-755C550B1BF5}
		{3CC3C21C-C1B4-40EB-9E34-0295180DC315} = {5C1DBF6A-BC2F-419F-8E62-8BE26E14E2E6}
		{C3140089-2F85-46A4-89C6-9B301232E855} = {94419120-11A0-4553-B319-DAD45EF21B0F}
		{49E1F8AB-93EB-4E55-83E4-719C5C7C1331} = {40699C11-3155-412B-9520-AFEDE17B69E0}
		{A1956691-4B5C-4BE5-B8B6-B7BD240CF1CB} = {DE4B1708-168B-4C12-8451-34455A12B79D}
		{EC6BB8A3-A283-414A-9A7C-262362981391} = {B59E2AB1-8162-43CB-9818-160395FB913F}
		{5CB8DBE3-F787-4ED6-AA2B-A3E26B3700FB} = {6A9B20DC-61D7-470C-8B1C-CA86608CF038}
	EndGlobalSection
	GlobalSection(ExtensibilityGlobals) = postSolution
		SolutionGuid = {6DA1DEF2-FE03-474F-88BB-21D9F8B54E02}
	EndGlobalSection
EndGlobal
